// !$*UTF8*$!
{
	archiveVersion = 1;
	classes = {
	};
	objectVersion = 46;
	objects = {

/* Begin PBXBuildFile section */
		B2FE3E2F16A87AA0000BBFFD /* UIKit.framework in Frameworks */ = {isa = PBXBuildFile; fileRef = B2FE3E2E16A87AA0000BBFFD /* UIKit.framework */; };
		B2FE3E3116A87AA0000BBFFD /* Foundation.framework in Frameworks */ = {isa = PBXBuildFile; fileRef = B2FE3E3016A87AA0000BBFFD /* Foundation.framework */; };
		B2FE3E3316A87AA0000BBFFD /* CoreGraphics.framework in Frameworks */ = {isa = PBXBuildFile; fileRef = B2FE3E3216A87AA0000BBFFD /* CoreGraphics.framework */; };
		B2FE3E3916A87AA0000BBFFD /* InfoPlist.strings in Resources */ = {isa = PBXBuildFile; fileRef = B2FE3E3716A87AA0000BBFFD /* InfoPlist.strings */; };
		B2FE3E3B16A87AA0000BBFFD /* main.m in Sources */ = {isa = PBXBuildFile; fileRef = B2FE3E3A16A87AA0000BBFFD /* main.m */; };
		B2FE3E3F16A87AA0000BBFFD /* AppDelegate.m in Sources */ = {isa = PBXBuildFile; fileRef = B2FE3E3E16A87AA0000BBFFD /* AppDelegate.m */; };
		B2FE3E4116A87AA0000BBFFD /* Default.png in Resources */ = {isa = PBXBuildFile; fileRef = B2FE3E4016A87AA0000BBFFD /* Default.png */; };
		B2FE3E4316A87AA0000BBFFD /* Default@2x.png in Resources */ = {isa = PBXBuildFile; fileRef = B2FE3E4216A87AA0000BBFFD /* Default@2x.png */; };
		B2FE3E4516A87AA0000BBFFD /* Default-568h@2x.png in Resources */ = {isa = PBXBuildFile; fileRef = B2FE3E4416A87AA0000BBFFD /* Default-568h@2x.png */; };
		B2FE3E4816A87AA0000BBFFD /* MainStoryboard.storyboard in Resources */ = {isa = PBXBuildFile; fileRef = B2FE3E4616A87AA0000BBFFD /* MainStoryboard.storyboard */; };
		B2FE3E4B16A87AA0000BBFFD /* ViewController.m in Sources */ = {isa = PBXBuildFile; fileRef = B2FE3E4A16A87AA0000BBFFD /* ViewController.m */; };
/* End PBXBuildFile section */

/* Begin PBXFileReference section */
		B2FE3E2A16A87AA0000BBFFD /* Friendster.app */ = {isa = PBXFileReference; explicitFileType = wrapper.application; includeInIndex = 0; path = Friendster.app; sourceTree = BUILT_PRODUCTS_DIR; };
		B2FE3E2E16A87AA0000BBFFD /* UIKit.framework */ = {isa = PBXFileReference; lastKnownFileType = wrapper.framework; name = UIKit.framework; path = System/Library/Frameworks/UIKit.framework; sourceTree = SDKROOT; };
		B2FE3E3016A87AA0000BBFFD /* Foundation.framework */ = {isa = PBXFileReference; lastKnownFileType = wrapper.framework; name = Foundation.framework; path = System/Library/Frameworks/Foundation.framework; sourceTree = SDKROOT; };
		B2FE3E3216A87AA0000BBFFD /* CoreGraphics.framework */ = {isa = PBXFileReference; lastKnownFileType = wrapper.framework; name = CoreGraphics.framework; path = System/Library/Frameworks/CoreGraphics.framework; sourceTree = SDKROOT; };
		B2FE3E3616A87AA0000BBFFD /* Friendster-Info.plist */ = {isa = PBXFileReference; lastKnownFileType = text.plist.xml; path = "Friendster-Info.plist"; sourceTree = "<group>"; };
		B2FE3E3816A87AA0000BBFFD /* en */ = {isa = PBXFileReference; lastKnownFileType = text.plist.strings; name = en; path = en.lproj/InfoPlist.strings; sourceTree = "<group>"; };
		B2FE3E3A16A87AA0000BBFFD /* main.m */ = {isa = PBXFileReference; lastKnownFileType = sourcecode.c.objc; path = main.m; sourceTree = "<group>"; };
		B2FE3E3C16A87AA0000BBFFD /* Friendster-Prefix.pch */ = {isa = PBXFileReference; lastKnownFileType = sourcecode.c.h; path = "Friendster-Prefix.pch"; sourceTree = "<group>"; };
		B2FE3E3D16A87AA0000BBFFD /* AppDelegate.h */ = {isa = PBXFileReference; lastKnownFileType = sourcecode.c.h; path = AppDelegate.h; sourceTree = "<group>"; };
		B2FE3E3E16A87AA0000BBFFD /* AppDelegate.m */ = {isa = PBXFileReference; lastKnownFileType = sourcecode.c.objc; path = AppDelegate.m; sourceTree = "<group>"; };
		B2FE3E4016A87AA0000BBFFD /* Default.png */ = {isa = PBXFileReference; lastKnownFileType = image.png; path = Default.png; sourceTree = "<group>"; };
		B2FE3E4216A87AA0000BBFFD /* Default@2x.png */ = {isa = PBXFileReference; lastKnownFileType = image.png; path = "Default@2x.png"; sourceTree = "<group>"; };
		B2FE3E4416A87AA0000BBFFD /* Default-568h@2x.png */ = {isa = PBXFileReference; lastKnownFileType = image.png; path = "Default-568h@2x.png"; sourceTree = "<group>"; };
		B2FE3E4716A87AA0000BBFFD /* en */ = {isa = PBXFileReference; lastKnownFileType = file.storyboard; name = en; path = en.lproj/MainStoryboard.storyboard; sourceTree = "<group>"; };
		B2FE3E4916A87AA0000BBFFD /* ViewController.h */ = {isa = PBXFileReference; lastKnownFileType = sourcecode.c.h; path = ViewController.h; sourceTree = "<group>"; };
		B2FE3E4A16A87AA0000BBFFD /* ViewController.m */ = {isa = PBXFileReference; lastKnownFileType = sourcecode.c.objc; path = ViewController.m; sourceTree = "<group>"; };
/* End PBXFileReference section */

/* Begin PBXFrameworksBuildPhase section */
		B2FE3E2716A87AA0000BBFFD /* Frameworks */ = {
			isa = PBXFrameworksBuildPhase;
			buildActionMask = 2147483647;
			files = (
				B2FE3E2F16A87AA0000BBFFD /* UIKit.framework in Frameworks */,
				B2FE3E3116A87AA0000BBFFD /* Foundation.framework in Frameworks */,
				B2FE3E3316A87AA0000BBFFD /* CoreGraphics.framework in Frameworks */,
			);
			runOnlyForDeploymentPostprocessing = 0;
		};
/* End PBXFrameworksBuildPhase section */

/* Begin PBXGroup section */
		B2FE3E1F16A87AA0000BBFFD = {
			isa = PBXGroup;
			children = (
				B2FE3E3416A87AA0000BBFFD /* Friendster */,
				B2FE3E2D16A87AA0000BBFFD /* Frameworks */,
				B2FE3E2B16A87AA0000BBFFD /* Products */,
			);
			sourceTree = "<group>";
		};
		B2FE3E2B16A87AA0000BBFFD /* Products */ = {
			isa = PBXGroup;
			children = (
				B2FE3E2A16A87AA0000BBFFD /* Friendster.app */,
			);
			name = Products;
			sourceTree = "<group>";
		};
		B2FE3E2D16A87AA0000BBFFD /* Frameworks */ = {
			isa = PBXGroup;
			children = (
				B2FE3E2E16A87AA0000BBFFD /* UIKit.framework */,
				B2FE3E3016A87AA0000BBFFD /* Foundation.framework */,
				B2FE3E3216A87AA0000BBFFD /* CoreGraphics.framework */,
			);
			name = Frameworks;
			sourceTree = "<group>";
		};
		B2FE3E3416A87AA0000BBFFD /* Friendster */ = {
			isa = PBXGroup;
			children = (
				B2FE3E3D16A87AA0000BBFFD /* AppDelegate.h */,
				B2FE3E3E16A87AA0000BBFFD /* AppDelegate.m */,
				B2FE3E4616A87AA0000BBFFD /* MainStoryboard.storyboard */,
				B2FE3E4916A87AA0000BBFFD /* ViewController.h */,
				B2FE3E4A16A87AA0000BBFFD /* ViewController.m */,
				B2FE3E3516A87AA0000BBFFD /* Supporting Files */,
			);
			path = Friendster;
			sourceTree = "<group>";
		};
		B2FE3E3516A87AA0000BBFFD /* Supporting Files */ = {
			isa = PBXGroup;
			children = (
				B2FE3E3616A87AA0000BBFFD /* Friendster-Info.plist */,
				B2FE3E3716A87AA0000BBFFD /* InfoPlist.strings */,
				B2FE3E3A16A87AA0000BBFFD /* main.m */,
				B2FE3E3C16A87AA0000BBFFD /* Friendster-Prefix.pch */,
				B2FE3E4016A87AA0000BBFFD /* Default.png */,
				B2FE3E4216A87AA0000BBFFD /* Default@2x.png */,
				B2FE3E4416A87AA0000BBFFD /* Default-568h@2x.png */,
			);
			name = "Supporting Files";
			sourceTree = "<group>";
		};
/* End PBXGroup section */

/* Begin PBXNativeTarget section */
		B2FE3E2916A87AA0000BBFFD /* Friendster */ = {
			isa = PBXNativeTarget;
			buildConfigurationList = B2FE3E4E16A87AA0000BBFFD /* Build configuration list for PBXNativeTarget "Friendster" */;
			buildPhases = (
				B2FE3E2616A87AA0000BBFFD /* Sources */,
				B2FE3E2716A87AA0000BBFFD /* Frameworks */,
				B2FE3E2816A87AA0000BBFFD /* Resources */,
			);
			buildRules = (
			);
			dependencies = (
			);
			name = Friendster;
			productName = Friendster;
			productReference = B2FE3E2A16A87AA0000BBFFD /* Friendster.app */;
			productType = "com.apple.product-type.application";
		};
/* End PBXNativeTarget section */

/* Begin PBXProject section */
		B2FE3E2116A87AA0000BBFFD /* Project object */ = {
			isa = PBXProject;
			attributes = {
				LastUpgradeCheck = 0450;
				ORGANIZATIONNAME = CodeMagnus;
			};
			buildConfigurationList = B2FE3E2416A87AA0000BBFFD /* Build configuration list for PBXProject "Friendster" */;
			compatibilityVersion = "Xcode 3.2";
			developmentRegion = English;
			hasScannedForEncodings = 0;
			knownRegions = (
				en,
			);
			mainGroup = B2FE3E1F16A87AA0000BBFFD;
			productRefGroup = B2FE3E2B16A87AA0000BBFFD /* Products */;
			projectDirPath = "";
			projectRoot = "";
			targets = (
				B2FE3E2916A87AA0000BBFFD /* Friendster */,
			);
		};
/* End PBXProject section */

/* Begin PBXResourcesBuildPhase section */
		B2FE3E2816A87AA0000BBFFD /* Resources */ = {
			isa = PBXResourcesBuildPhase;
			buildActionMask = 2147483647;
			files = (
				B2FE3E3916A87AA0000BBFFD /* InfoPlist.strings in Resources */,
				B2FE3E4116A87AA0000BBFFD /* Default.png in Resources */,
				B2FE3E4316A87AA0000BBFFD /* Default@2x.png in Resources */,
				B2FE3E4516A87AA0000BBFFD /* Default-568h@2x.png in Resources */,
				B2FE3E4816A87AA0000BBFFD /* MainStoryboard.storyboard in Resources */,
			);
			runOnlyForDeploymentPostprocessing = 0;
		};
/* End PBXResourcesBuildPhase section */

/* Begin PBXSourcesBuildPhase section */
		B2FE3E2616A87AA0000BBFFD /* Sources */ = {
			isa = PBXSourcesBuildPhase;
			buildActionMask = 2147483647;
			files = (
				B2FE3E3B16A87AA0000BBFFD /* main.m in Sources */,
				B2FE3E3F16A87AA0000BBFFD /* AppDelegate.m in Sources */,
				B2FE3E4B16A87AA0000BBFFD /* ViewController.m in Sources */,
			);
			runOnlyForDeploymentPostprocessing = 0;
		};
/* End PBXSourcesBuildPhase section */

/* Begin PBXVariantGroup section */
		B2FE3E3716A87AA0000BBFFD /* InfoPlist.strings */ = {
			isa = PBXVariantGroup;
			children = (
				B2FE3E3816A87AA0000BBFFD /* en */,
			);
			name = InfoPlist.strings;
			sourceTree = "<group>";
		};
		B2FE3E4616A87AA0000BBFFD /* MainStoryboard.storyboard */ = {
			isa = PBXVariantGroup;
			children = (
				B2FE3E4716A87AA0000BBFFD /* en */,
			);
			name = MainStoryboard.storyboard;
			sourceTree = "<group>";
		};
/* End PBXVariantGroup section */

/* Begin XCBuildConfiguration section */
		B2FE3E4C16A87AA0000BBFFD /* Debug */ = {
			isa = XCBuildConfiguration;
			buildSettings = {
				ALWAYS_SEARCH_USER_PATHS = NO;
				CLANG_CXX_LANGUAGE_STANDARD = "gnu++0x";
				CLANG_CXX_LIBRARY = "libc++";
				CLANG_ENABLE_OBJC_ARC = YES;
				CLANG_WARN_EMPTY_BODY = YES;
				CLANG_WARN__DUPLICATE_METHOD_MATCH = YES;
				"CODE_SIGN_IDENTITY[sdk=iphoneos*]" = "iPhone Developer";
				COPY_PHASE_STRIP = NO;
				GCC_C_LANGUAGE_STANDARD = gnu99;
				GCC_DYNAMIC_NO_PIC = NO;
				GCC_OPTIMIZATION_LEVEL = 0;
				GCC_PREPROCESSOR_DEFINITIONS = (
					"DEBUG=1",
					"$(inherited)",
				);
				GCC_SYMBOLS_PRIVATE_EXTERN = NO;
				GCC_WARN_ABOUT_RETURN_TYPE = YES;
				GCC_WARN_UNINITIALIZED_AUTOS = YES;
				GCC_WARN_UNUSED_VARIABLE = YES;
				IPHONEOS_DEPLOYMENT_TARGET = 6.0;
				ONLY_ACTIVE_ARCH = YES;
				SDKROOT = iphoneos;
			};
			name = Debug;
		};
		B2FE3E4D16A87AA0000BBFFD /* Release */ = {
			isa = XCBuildConfiguration;
			buildSettings = {
				ALWAYS_SEARCH_USER_PATHS = NO;
				CLANG_CXX_LANGUAGE_STANDARD = "gnu++0x";
				CLANG_CXX_LIBRARY = "libc++";
				CLANG_ENABLE_OBJC_ARC = YES;
				CLANG_WARN_EMPTY_BODY = YES;
				CLANG_WARN__DUPLICATE_METHOD_MATCH = YES;
				"CODE_SIGN_IDENTITY[sdk=iphoneos*]" = "iPhone Developer";
				COPY_PHASE_STRIP = YES;
				GCC_C_LANGUAGE_STANDARD = gnu99;
				GCC_WARN_ABOUT_RETURN_TYPE = YES;
				GCC_WARN_UNINITIALIZED_AUTOS = YES;
				GCC_WARN_UNUSED_VARIABLE = YES;
				IPHONEOS_DEPLOYMENT_TARGET = 6.0;
				OTHER_CFLAGS = "-DNS_BLOCK_ASSERTIONS=1";
				SDKROOT = iphoneos;
				VALIDATE_PRODUCT = YES;
			};
			name = Release;
		};
		B2FE3E4F16A87AA0000BBFFD /* Debug */ = {
			isa = XCBuildConfiguration;
			buildSettings = {
				GCC_PRECOMPILE_PREFIX_HEADER = YES;
				GCC_PREFIX_HEADER = "Friendster/Friendster-Prefix.pch";
				INFOPLIST_FILE = "Friendster/Friendster-Info.plist";
				PRODUCT_NAME = "$(TARGET_NAME)";
				WRAPPER_EXTENSION = app;
			};
			name = Debug;
		};
		B2FE3E5016A87AA0000BBFFD /* Release */ = {
			isa = XCBuildConfiguration;
			buildSettings = {
				GCC_PRECOMPILE_PREFIX_HEADER = YES;
				GCC_PREFIX_HEADER = "Friendster/Friendster-Prefix.pch";
				INFOPLIST_FILE = "Friendster/Friendster-Info.plist";
				PRODUCT_NAME = "$(TARGET_NAME)";
				WRAPPER_EXTENSION = app;
			};
			name = Release;
		};
/* End XCBuildConfiguration section */

/* Begin XCConfigurationList section */
		B2FE3E2416A87AA0000BBFFD /* Build configuration list for PBXProject "Friendster" */ = {
			isa = XCConfigurationList;
			buildConfigurations = (
				B2FE3E4C16A87AA0000BBFFD /* Debug */,
				B2FE3E4D16A87AA0000BBFFD /* Release */,
			);
			defaultConfigurationIsVisible = 0;
			defaultConfigurationName = Release;
		};
		B2FE3E4E16A87AA0000BBFFD /* Build configuration list for PBXNativeTarget "Friendster" */ = {
			isa = XCConfigurationList;
			buildConfigurations = (
				B2FE3E4F16A87AA0000BBFFD /* Debug */,
				B2FE3E5016A87AA0000BBFFD /* Release */,
			);
			defaultConfigurationIsVisible = 0;
		};
/* End XCConfigurationList section */
	};
	rootObject = B2FE3E2116A87AA0000BBFFD /* Project object */;
}
